
Microsoft Visual Studio Solution File, Format Version 12.00
# Visual Studio Version 16
VisualStudioVersion = 16.0.31702.278
MinimumVisualStudioVersion = 10.0.40219.1
Project("{FAE04EC0-301F-11D3-BF4B-00C04F79EFBC}") = "BaiTap5", "BaiTap5\BaiTap5.csproj", "{27C1BE5B-0E3D-4C2D-989B-37EDEACA2218}"
EndProject
Global
	GlobalSection(SolutionConfigurationPlatforms) = preSolution
		Debug|Any CPU = Debug|Any CPU
		Release|Any CPU = Release|Any CPU
	EndGlobalSection
	GlobalSection(ProjectConfigurationPlatforms) = postSolution
		{27C1BE5B-0E3D-4C2D-989B-37EDEACA2218}.Debug|Any CPU.ActiveCfg = Debug|Any CPU
		{27C1BE5B-0E3D-4C2D-989B-37EDEACA2218}.Debug|Any CPU.Build.0 = Debug|Any CPU
		{27C1BE5B-0E3D-4C2D-989B-37EDEACA2218}.Release|Any CPU.ActiveCfg = Release|Any CPU
		{27C1BE5B-0E3D-4C2D-989B-37EDEACA2218}.Release|Any CPU.Build.0 = Release|Any CPU
	EndGlobalSection
	GlobalSection(SolutionProperties) = preSolution
		HideSolutionNode = FALSE
	EndGlobalSection
	GlobalSection(ExtensibilityGlobals) = postSolution
		SolutionGuid = {9C128CF9-D144-4B50-AC4D-A73B5AA4C376}
	EndGlobalSection
EndGlobal
